
Microsoft Visual Studio Solution File, Format Version 12.00
# Visual Studio 15
VisualStudioVersion = 15.0.28010.2003
MinimumVisualStudioVersion = 10.0.40219.1
Project("{FAE04EC0-301F-11D3-BF4B-00C04F79EFBC}") = "Project_SewaCD", "Project_SewaCD\Project_SewaCD.csproj", "{01C97E20-8C42-45B0-A788-94F6D6B2AC9C}"
EndProject
Global
	GlobalSection(SolutionConfigurationPlatforms) = preSolution
		Debug|Any CPU = Debug|Any CPU
		Release|Any CPU = Release|Any CPU
	EndGlobalSection
	GlobalSection(ProjectConfigurationPlatforms) = postSolution
		{01C97E20-8C42-45B0-A788-94F6D6B2AC9C}.Debug|Any CPU.ActiveCfg = Debug|Any CPU
		{01C97E20-8C42-45B0-A788-94F6D6B2AC9C}.Debug|Any CPU.Build.0 = Debug|Any CPU
		{01C97E20-8C42-45B0-A788-94F6D6B2AC9C}.Release|Any CPU.ActiveCfg = Release|Any CPU
		{01C97E20-8C42-45B0-A788-94F6D6B2AC9C}.Release|Any CPU.Build.0 = Release|Any CPU
	EndGlobalSection
	GlobalSection(SolutionProperties) = preSolution
		HideSolutionNode = FALSE
	EndGlobalSection
	GlobalSection(ExtensibilityGlobals) = postSolution
		SolutionGuid = {DF615377-4C6F-46B3-816B-90B190FBC5F5}
	EndGlobalSection
EndGlobal
